
Microsoft Visual Studio Solution File, Format Version 12.00
# Visual Studio Version 16
VisualStudioVersion = 16.0.29728.190
MinimumVisualStudioVersion = 10.0.40219.1
Project("{9A19103F-16F7-4668-BE54-9A1E7A4F7556}") = "WebApplication1", "WebApplication1\WebApplication1.csproj", "{DA6820FD-E8B1-4258-BC9A-6C45FBF56920}"
EndProject
Project("{FAE04EC0-301F-11D3-BF4B-00C04F79EFBC}") = "TOTPProject", "TOTPProject\TOTPProject.csproj", "{294437DC-63E1-4122-B882-75A2EEFE58A6}"
EndProject
Global
	GlobalSection(SolutionConfigurationPlatforms) = preSolution
		Debug|Any CPU = Debug|Any CPU
		Release|Any CPU = Release|Any CPU
	EndGlobalSection
	GlobalSection(ProjectConfigurationPlatforms) = postSolution
		{DA6820FD-E8B1-4258-BC9A-6C45FBF56920}.Debug|Any CPU.ActiveCfg = Debug|Any CPU
		{DA6820FD-E8B1-4258-BC9A-6C45FBF56920}.Debug|Any CPU.Build.0 = Debug|Any CPU
		{DA6820FD-E8B1-4258-BC9A-6C45FBF56920}.Release|Any CPU.ActiveCfg = Release|Any CPU
		{DA6820FD-E8B1-4258-BC9A-6C45FBF56920}.Release|Any CPU.Build.0 = Release|Any CPU
		{294437DC-63E1-4122-B882-75A2EEFE58A6}.Debug|Any CPU.ActiveCfg = Debug|Any CPU
		{294437DC-63E1-4122-B882-75A2EEFE58A6}.Debug|Any CPU.Build.0 = Debug|Any CPU
		{294437DC-63E1-4122-B882-75A2EEFE58A6}.Release|Any CPU.ActiveCfg = Release|Any CPU
		{294437DC-63E1-4122-B882-75A2EEFE58A6}.Release|Any CPU.Build.0 = Release|Any CPU
	EndGlobalSection
	GlobalSection(SolutionProperties) = preSolution
		HideSolutionNode = FALSE
	EndGlobalSection
	GlobalSection(ExtensibilityGlobals) = postSolution
		SolutionGuid = {6D33AF4B-9F1F-485F-94DC-AC79A600175A}
	EndGlobalSection
EndGlobal
